
Microsoft Visual Studio Solution File, Format Version 12.00
# Visual Studio Version 16
VisualStudioVersion = 16.0.30503.244
MinimumVisualStudioVersion = 10.0.40219.1
Project("{9A19103F-16F7-4668-BE54-9A1E7A4F7556}") = "PocoCS", "PocoCS.csproj", "{AC963AE9-4F69-4367-8D6A-8A30FFDE167C}"
EndProject
Global
	GlobalSection(SolutionConfigurationPlatforms) = preSolution
		Debug|Any CPU = Debug|Any CPU
		Release|Any CPU = Release|Any CPU
	EndGlobalSection
	GlobalSection(ProjectConfigurationPlatforms) = postSolution
		{AC963AE9-4F69-4367-8D6A-8A30FFDE167C}.Debug|Any CPU.ActiveCfg = Debug|Any CPU
		{AC963AE9-4F69-4367-8D6A-8A30FFDE167C}.Debug|Any CPU.Build.0 = Debug|Any CPU
		{AC963AE9-4F69-4367-8D6A-8A30FFDE167C}.Release|Any CPU.ActiveCfg = Release|Any CPU
		{AC963AE9-4F69-4367-8D6A-8A30FFDE167C}.Release|Any CPU.Build.0 = Release|Any CPU
	EndGlobalSection
	GlobalSection(SolutionProperties) = preSolution
		HideSolutionNode = FALSE
	EndGlobalSection
	GlobalSection(ExtensibilityGlobals) = postSolution
		SolutionGuid = {B1A5AC31-9331-42E9-9847-28E54E7EC4FA}
	EndGlobalSection
EndGlobal
